
Microsoft Visual Studio Solution File, Format Version 12.00
# Visual Studio Version 16
VisualStudioVersion = 16.0.31729.503
MinimumVisualStudioVersion = 10.0.40219.1
Project("{FAE04EC0-301F-11D3-BF4B-00C04F79EFBC}") = "GradeHoraria", "GradeHoraria\GradeHoraria.csproj", "{0437729D-0461-4877-814D-5861090BD427}"
EndProject
Global
	GlobalSection(SolutionConfigurationPlatforms) = preSolution
		Debug|Any CPU = Debug|Any CPU
		Release|Any CPU = Release|Any CPU
	EndGlobalSection
	GlobalSection(ProjectConfigurationPlatforms) = postSolution
		{0437729D-0461-4877-814D-5861090BD427}.Debug|Any CPU.ActiveCfg = Debug|Any CPU
		{0437729D-0461-4877-814D-5861090BD427}.Debug|Any CPU.Build.0 = Debug|Any CPU
		{0437729D-0461-4877-814D-5861090BD427}.Release|Any CPU.ActiveCfg = Release|Any CPU
		{0437729D-0461-4877-814D-5861090BD427}.Release|Any CPU.Build.0 = Release|Any CPU
	EndGlobalSection
	GlobalSection(SolutionProperties) = preSolution
		HideSolutionNode = FALSE
	EndGlobalSection
	GlobalSection(ExtensibilityGlobals) = postSolution
		EnterpriseLibraryConfigurationToolBinariesPathV6 = packages\EnterpriseLibrary.Common.6.0.1304.0\lib\NET45;packages\EnterpriseLibrary.Data.6.0.1304.0\lib\NET45
		SolutionGuid = {0A4BDCA3-3C2D-4985-B0B8-38F1248F9149}
	EndGlobalSection
EndGlobal
